
Microsoft Visual Studio Solution File, Format Version 12.00
# Visual Studio Version 17
VisualStudioVersion = 17.8.34219.65
MinimumVisualStudioVersion = 10.0.40219.1
Project("{FAE04EC0-301F-11D3-BF4B-00C04F79EFBC}") = "VazifaManyToManyInEntity", "VazifaManyToManyInEntity\VazifaManyToManyInEntity.csproj", "{A3BFE964-F32B-4AB2-BBED-D1ABCE7EBF5D}"
EndProject
Global
	GlobalSection(SolutionConfigurationPlatforms) = preSolution
		Debug|Any CPU = Debug|Any CPU
		Release|Any CPU = Release|Any CPU
	EndGlobalSection
	GlobalSection(ProjectConfigurationPlatforms) = postSolution
		{A3BFE964-F32B-4AB2-BBED-D1ABCE7EBF5D}.Debug|Any CPU.ActiveCfg = Debug|Any CPU
		{A3BFE964-F32B-4AB2-BBED-D1ABCE7EBF5D}.Debug|Any CPU.Build.0 = Debug|Any CPU
		{A3BFE964-F32B-4AB2-BBED-D1ABCE7EBF5D}.Release|Any CPU.ActiveCfg = Release|Any CPU
		{A3BFE964-F32B-4AB2-BBED-D1ABCE7EBF5D}.Release|Any CPU.Build.0 = Release|Any CPU
	EndGlobalSection
	GlobalSection(SolutionProperties) = preSolution
		HideSolutionNode = FALSE
	EndGlobalSection
	GlobalSection(ExtensibilityGlobals) = postSolution
		SolutionGuid = {B64F5BF0-6DFB-43E1-AD11-2A050F7C42C3}
	EndGlobalSection
EndGlobal
